{
  "lockfileVersion": 1,
  "workspaces": {
    "": {
      "name": "bmi-service",
      "dependencies": {
        "hono": "^4.0.0",
        "playwright": "^1.40.0",
      },
    },
  },
  "packages": {
    "fsevents": ["fsevents@2.3.2", "", { "os": "darwin" }, "sha512-xiqMQR4xAeHTuB9uWm+fFRcIOgKBMiOBP+eXiyT7jsgVCq1bkVygt00oASowB7EdtpOHaaPgKt812P9ab+DDKA=="],

    "hono": ["hono@4.10.3", "", {}, "sha512-2LOYWUbnhdxdL8MNbNg9XZig6k+cZXm5IjHn2Aviv7honhBMOHb+jxrKIeJRZJRmn+htUCKhaicxwXuUDlchRA=="],

    "playwright": ["playwright@1.56.1", "", { "dependencies": { "playwright-core": "1.56.1" }, "optionalDependencies": { "fsevents": "2.3.2" }, "bin": { "playwright": "cli.js" } }, "sha512-aFi5B0WovBHTEvpM3DzXTUaeN6eN0qWnTkKx4NQaH4Wvcmc153PdaY2UBdSYKaGYw+UyWXSVyxDUg5DoPEttjw=="],

    "playwright-core": ["playwright-core@1.56.1", "", { "bin": { "playwright-core": "cli.js" } }, "sha512-hutraynyn31F+Bifme+Ps9Vq59hKuUCz7H1kDOcBs+2oGguKkWTU50bBWrtz34OUWmIwpBTWDxaRPXrIXkgvmQ=="],
  }
}
